
Microsoft Visual Studio Solution File, Format Version 12.00
# Visual Studio Version 16
VisualStudioVersion = 16.0.31911.196
MinimumVisualStudioVersion = 10.0.40219.1
Project("{FAE04EC0-301F-11D3-BF4B-00C04F79EFBC}") = "RsgtApp.Android", "RsgtApp\RsgtApp.Android\RsgtApp.Android.csproj", "{B91B1FEC-4B52-4D15-82F2-0780E2DCF9BD}"
EndProject
Project("{FAE04EC0-301F-11D3-BF4B-00C04F79EFBC}") = "RsgtApp.iOS", "RsgtApp\RsgtApp.iOS\RsgtApp.iOS.csproj", "{0DE2732F-A261-442A-9901-D941078DEABA}"
EndProject
Project("{2150E333-8FDC-42A3-9474-1A3956D46DE8}") = "Solution Items", "Solution Items", "{E70B5930-C478-4EC2-A983-82F8418A7583}"
EndProject
Project("{FAE04EC0-301F-11D3-BF4B-00C04F79EFBC}") = "RsgtUITest", "RsgtApp\RSGTUITest\RsgtUITest.csproj", "{B232E908-DC6E-4D06-AB75-DA1A98721D2F}"
EndProject
Project("{9A19103F-16F7-4668-BE54-9A1E7A4F7556}") = "RsgtApp", "RsgtApp\RsgtApp\RsgtApp.csproj", "{76E703F2-BD94-41E0-AA52-091EA0F5BE77}"
EndProject
Global
	GlobalSection(SolutionConfigurationPlatforms) = preSolution
		Debug|Any CPU = Debug|Any CPU
		Debug|iPhone = Debug|iPhone
		Debug|iPhoneSimulator = Debug|iPhoneSimulator
		Debug|x64 = Debug|x64
		Debug|x86 = Debug|x86
		Release|Any CPU = Release|Any CPU
		Release|iPhone = Release|iPhone
		Release|iPhoneSimulator = Release|iPhoneSimulator
		Release|x64 = Release|x64
		Release|x86 = Release|x86
	EndGlobalSection
	GlobalSection(ProjectConfigurationPlatforms) = postSolution
		{B91B1FEC-4B52-4D15-82F2-0780E2DCF9BD}.Debug|Any CPU.ActiveCfg = Debug|Any CPU
		{B91B1FEC-4B52-4D15-82F2-0780E2DCF9BD}.Debug|Any CPU.Build.0 = Debug|Any CPU
		{B91B1FEC-4B52-4D15-82F2-0780E2DCF9BD}.Debug|Any CPU.Deploy.0 = Debug|Any CPU
		{B91B1FEC-4B52-4D15-82F2-0780E2DCF9BD}.Debug|iPhone.ActiveCfg = Debug|Any CPU
		{B91B1FEC-4B52-4D15-82F2-0780E2DCF9BD}.Debug|iPhone.Build.0 = Debug|Any CPU
		{B91B1FEC-4B52-4D15-82F2-0780E2DCF9BD}.Debug|iPhone.Deploy.0 = Debug|Any CPU
		{B91B1FEC-4B52-4D15-82F2-0780E2DCF9BD}.Debug|iPhoneSimulator.ActiveCfg = Debug|Any CPU
		{B91B1FEC-4B52-4D15-82F2-0780E2DCF9BD}.Debug|iPhoneSimulator.Build.0 = Debug|Any CPU
		{B91B1FEC-4B52-4D15-82F2-0780E2DCF9BD}.Debug|iPhoneSimulator.Deploy.0 = Debug|Any CPU
		{B91B1FEC-4B52-4D15-82F2-0780E2DCF9BD}.Debug|x64.ActiveCfg = Debug|Any CPU
		{B91B1FEC-4B52-4D15-82F2-0780E2DCF9BD}.Debug|x64.Build.0 = Debug|Any CPU
		{B91B1FEC-4B52-4D15-82F2-0780E2DCF9BD}.Debug|x64.Deploy.0 = Debug|Any CPU
		{B91B1FEC-4B52-4D15-82F2-0780E2DCF9BD}.Debug|x86.ActiveCfg = Debug|Any CPU
		{B91B1FEC-4B52-4D15-82F2-0780E2DCF9BD}.Debug|x86.Build.0 = Debug|Any CPU
		{B91B1FEC-4B52-4D15-82F2-0780E2DCF9BD}.Debug|x86.Deploy.0 = Debug|Any CPU
		{B91B1FEC-4B52-4D15-82F2-0780E2DCF9BD}.Release|Any CPU.ActiveCfg = Release|Any CPU
		{B91B1FEC-4B52-4D15-82F2-0780E2DCF9BD}.Release|Any CPU.Build.0 = Release|Any CPU
		{B91B1FEC-4B52-4D15-82F2-0780E2DCF9BD}.Release|Any CPU.Deploy.0 = Release|Any CPU
		{B91B1FEC-4B52-4D15-82F2-0780E2DCF9BD}.Release|iPhone.ActiveCfg = Release|Any CPU
		{B91B1FEC-4B52-4D15-82F2-0780E2DCF9BD}.Release|iPhone.Build.0 = Release|Any CPU
		{B91B1FEC-4B52-4D15-82F2-0780E2DCF9BD}.Release|iPhone.Deploy.0 = Release|Any CPU
		{B91B1FEC-4B52-4D15-82F2-0780E2DCF9BD}.Release|iPhoneSimulator.ActiveCfg = Release|Any CPU
		{B91B1FEC-4B52-4D15-82F2-0780E2DCF9BD}.Release|iPhoneSimulator.Build.0 = Release|Any CPU
		{B91B1FEC-4B52-4D15-82F2-0780E2DCF9BD}.Release|iPhoneSimulator.Deploy.0 = Release|Any CPU
		{B91B1FEC-4B52-4D15-82F2-0780E2DCF9BD}.Release|x64.ActiveCfg = Release|x64
		{B91B1FEC-4B52-4D15-82F2-0780E2DCF9BD}.Release|x64.Build.0 = Release|x64
		{B91B1FEC-4B52-4D15-82F2-0780E2DCF9BD}.Release|x64.Deploy.0 = Release|x64
		{B91B1FEC-4B52-4D15-82F2-0780E2DCF9BD}.Release|x86.ActiveCfg = Release|Any CPU
		{B91B1FEC-4B52-4D15-82F2-0780E2DCF9BD}.Release|x86.Build.0 = Release|Any CPU
		{B91B1FEC-4B52-4D15-82F2-0780E2DCF9BD}.Release|x86.Deploy.0 = Release|Any CPU
		{0DE2732F-A261-442A-9901-D941078DEABA}.Debug|Any CPU.ActiveCfg = Debug|iPhoneSimulator
		{0DE2732F-A261-442A-9901-D941078DEABA}.Debug|Any CPU.Build.0 = Debug|iPhoneSimulator
		{0DE2732F-A261-442A-9901-D941078DEABA}.Debug|Any CPU.Deploy.0 = Debug|iPhoneSimulator
		{0DE2732F-A261-442A-9901-D941078DEABA}.Debug|iPhone.ActiveCfg = Debug|iPhone
		{0DE2732F-A261-442A-9901-D941078DEABA}.Debug|iPhone.Build.0 = Debug|iPhone
		{0DE2732F-A261-442A-9901-D941078DEABA}.Debug|iPhone.Deploy.0 = Debug|iPhone
		{0DE2732F-A261-442A-9901-D941078DEABA}.Debug|iPhoneSimulator.ActiveCfg = Debug|iPhoneSimulator
		{0DE2732F-A261-442A-9901-D941078DEABA}.Debug|iPhoneSimulator.Build.0 = Debug|iPhoneSimulator
		{0DE2732F-A261-442A-9901-D941078DEABA}.Debug|iPhoneSimulator.Deploy.0 = Debug|iPhoneSimulator
		{0DE2732F-A261-442A-9901-D941078DEABA}.Debug|x64.ActiveCfg = Debug|iPhoneSimulator
		{0DE2732F-A261-442A-9901-D941078DEABA}.Debug|x64.Build.0 = Debug|iPhoneSimulator
		{0DE2732F-A261-442A-9901-D941078DEABA}.Debug|x86.ActiveCfg = Debug|x64
		{0DE2732F-A261-442A-9901-D941078DEABA}.Release|Any CPU.ActiveCfg = Release|iPhoneSimulator
		{0DE2732F-A261-442A-9901-D941078DEABA}.Release|Any CPU.Build.0 = Release|iPhoneSimulator
		{0DE2732F-A261-442A-9901-D941078DEABA}.Release|Any CPU.Deploy.0 = Release|iPhoneSimulator
		{0DE2732F-A261-442A-9901-D941078DEABA}.Release|iPhone.ActiveCfg = Release|iPhone
		{0DE2732F-A261-442A-9901-D941078DEABA}.Release|iPhone.Build.0 = Release|iPhone
		{0DE2732F-A261-442A-9901-D941078DEABA}.Release|iPhone.Deploy.0 = Release|iPhone
		{0DE2732F-A261-442A-9901-D941078DEABA}.Release|iPhoneSimulator.ActiveCfg = Release|iPhoneSimulator
		{0DE2732F-A261-442A-9901-D941078DEABA}.Release|iPhoneSimulator.Build.0 = Release|iPhoneSimulator
		{0DE2732F-A261-442A-9901-D941078DEABA}.Release|iPhoneSimulator.Deploy.0 = Release|iPhoneSimulator
		{0DE2732F-A261-442A-9901-D941078DEABA}.Release|x64.ActiveCfg = Release|x64
		{0DE2732F-A261-442A-9901-D941078DEABA}.Release|x64.Build.0 = Release|x64
		{0DE2732F-A261-442A-9901-D941078DEABA}.Release|x86.ActiveCfg = Release|x64
		{B232E908-DC6E-4D06-AB75-DA1A98721D2F}.Debug|Any CPU.ActiveCfg = Debug|Any CPU
		{B232E908-DC6E-4D06-AB75-DA1A98721D2F}.Debug|Any CPU.Build.0 = Debug|Any CPU
		{B232E908-DC6E-4D06-AB75-DA1A98721D2F}.Debug|iPhone.ActiveCfg = Debug|Any CPU
		{B232E908-DC6E-4D06-AB75-DA1A98721D2F}.Debug|iPhone.Build.0 = Debug|Any CPU
		{B232E908-DC6E-4D06-AB75-DA1A98721D2F}.Debug|iPhoneSimulator.ActiveCfg = Debug|Any CPU
		{B232E908-DC6E-4D06-AB75-DA1A98721D2F}.Debug|iPhoneSimulator.Build.0 = Debug|Any CPU
		{B232E908-DC6E-4D06-AB75-DA1A98721D2F}.Debug|x64.ActiveCfg = Debug|Any CPU
		{B232E908-DC6E-4D06-AB75-DA1A98721D2F}.Debug|x64.Build.0 = Debug|Any CPU
		{B232E908-DC6E-4D06-AB75-DA1A98721D2F}.Debug|x86.ActiveCfg = Debug|x86
		{B232E908-DC6E-4D06-AB75-DA1A98721D2F}.Debug|x86.Build.0 = Debug|x86
		{B232E908-DC6E-4D06-AB75-DA1A98721D2F}.Release|Any CPU.ActiveCfg = Release|Any CPU
		{B232E908-DC6E-4D06-AB75-DA1A98721D2F}.Release|Any CPU.Build.0 = Release|Any CPU
		{B232E908-DC6E-4D06-AB75-DA1A98721D2F}.Release|iPhone.ActiveCfg = Release|Any CPU
		{B232E908-DC6E-4D06-AB75-DA1A98721D2F}.Release|iPhone.Build.0 = Release|Any CPU
		{B232E908-DC6E-4D06-AB75-DA1A98721D2F}.Release|iPhoneSimulator.ActiveCfg = Release|Any CPU
		{B232E908-DC6E-4D06-AB75-DA1A98721D2F}.Release|iPhoneSimulator.Build.0 = Release|Any CPU
		{B232E908-DC6E-4D06-AB75-DA1A98721D2F}.Release|x64.ActiveCfg = Release|Any CPU
		{B232E908-DC6E-4D06-AB75-DA1A98721D2F}.Release|x64.Build.0 = Release|Any CPU
		{B232E908-DC6E-4D06-AB75-DA1A98721D2F}.Release|x86.ActiveCfg = Release|x86
		{B232E908-DC6E-4D06-AB75-DA1A98721D2F}.Release|x86.Build.0 = Release|x86
		{76E703F2-BD94-41E0-AA52-091EA0F5BE77}.Debug|Any CPU.ActiveCfg = Debug|Any CPU
		{76E703F2-BD94-41E0-AA52-091EA0F5BE77}.Debug|Any CPU.Build.0 = Debug|Any CPU
		{76E703F2-BD94-41E0-AA52-091EA0F5BE77}.Debug|iPhone.ActiveCfg = Debug|Any CPU
		{76E703F2-BD94-41E0-AA52-091EA0F5BE77}.Debug|iPhone.Build.0 = Debug|Any CPU
		{76E703F2-BD94-41E0-AA52-091EA0F5BE77}.Debug|iPhoneSimulator.ActiveCfg = Debug|Any CPU
		{76E703F2-BD94-41E0-AA52-091EA0F5BE77}.Debug|iPhoneSimulator.Build.0 = Debug|Any CPU
		{76E703F2-BD94-41E0-AA52-091EA0F5BE77}.Debug|x64.ActiveCfg = Debug|x64
		{76E703F2-BD94-41E0-AA52-091EA0F5BE77}.Debug|x64.Build.0 = Debug|x64
		{76E703F2-BD94-41E0-AA52-091EA0F5BE77}.Debug|x86.ActiveCfg = Debug|Any CPU
		{76E703F2-BD94-41E0-AA52-091EA0F5BE77}.Debug|x86.Build.0 = Debug|Any CPU
		{76E703F2-BD94-41E0-AA52-091EA0F5BE77}.Release|Any CPU.ActiveCfg = Release|Any CPU
		{76E703F2-BD94-41E0-AA52-091EA0F5BE77}.Release|Any CPU.Build.0 = Release|Any CPU
		{76E703F2-BD94-41E0-AA52-091EA0F5BE77}.Release|iPhone.ActiveCfg = Release|Any CPU
		{76E703F2-BD94-41E0-AA52-091EA0F5BE77}.Release|iPhone.Build.0 = Release|Any CPU
		{76E703F2-BD94-41E0-AA52-091EA0F5BE77}.Release|iPhoneSimulator.ActiveCfg = Release|Any CPU
		{76E703F2-BD94-41E0-AA52-091EA0F5BE77}.Release|iPhoneSimulator.Build.0 = Release|Any CPU
		{76E703F2-BD94-41E0-AA52-091EA0F5BE77}.Release|x64.ActiveCfg = Release|x64
		{76E703F2-BD94-41E0-AA52-091EA0F5BE77}.Release|x64.Build.0 = Release|x64
		{76E703F2-BD94-41E0-AA52-091EA0F5BE77}.Release|x86.ActiveCfg = Release|Any CPU
		{76E703F2-BD94-41E0-AA52-091EA0F5BE77}.Release|x86.Build.0 = Release|Any CPU
	EndGlobalSection
	GlobalSection(SolutionProperties) = preSolution
		HideSolutionNode = FALSE
	EndGlobalSection
	GlobalSection(ExtensibilityGlobals) = postSolution
		SolutionGuid = {E39E8FAD-B72E-4A74-80E3-940BF9BD18CA}
	EndGlobalSection
	GlobalSection(TeamFoundationVersionControl) = preSolution
		SccNumberOfProjects = 5
		SccEnterpriseProvider = {4CA58AB2-18FA-4F8D-95D4-32DDF27D184C}
		SccTeamFoundationServer = http://172.19.1.42/tfs/ictapps
		SccLocalPath0 = .
		SccProjectUniqueName1 = RsgtApp\\RsgtApp.Android\\RsgtApp.Android.csproj
		SccProjectName1 = RsgtApp/RsgtApp.Android
		SccLocalPath1 = RsgtApp\\RsgtApp.Android
		SccProjectUniqueName2 = RsgtApp\\RsgtApp.iOS\\RsgtApp.iOS.csproj
		SccProjectName2 = RsgtApp/RsgtApp.iOS
		SccLocalPath2 = RsgtApp\\RsgtApp.iOS
		SccProjectUniqueName3 = RsgtApp\\RSGTUITest\\RsgtUITest.csproj
		SccProjectName3 = RsgtApp/RSGTUITest
		SccLocalPath3 = RsgtApp\\RSGTUITest
		SccProjectUniqueName4 = RsgtApp\\RsgtApp\\RsgtApp.csproj
		SccProjectName4 = RsgtApp/RsgtApp
		SccLocalPath4 = RsgtApp\\RsgtApp
	EndGlobalSection
EndGlobal
